
Microsoft Visual Studio Solution File, Format Version 12.00
# Visual Studio 15
VisualStudioVersion = 15.0.28307.489
MinimumVisualStudioVersion = 10.0.40219.1
Project("{FAE04EC0-301F-11D3-BF4B-00C04F79EFBC}") = "DoAn_Lab", "DoAn_Lab\DoAn_Lab.csproj", "{A90FD0D5-E436-42B1-A078-1EA29091E0F8}"
EndProject
Global
	GlobalSection(SolutionConfigurationPlatforms) = preSolution
		Debug|Any CPU = Debug|Any CPU
		Release|Any CPU = Release|Any CPU
	EndGlobalSection
	GlobalSection(ProjectConfigurationPlatforms) = postSolution
		{A90FD0D5-E436-42B1-A078-1EA29091E0F8}.Debug|Any CPU.ActiveCfg = Debug|Any CPU
		{A90FD0D5-E436-42B1-A078-1EA29091E0F8}.Debug|Any CPU.Build.0 = Debug|Any CPU
		{A90FD0D5-E436-42B1-A078-1EA29091E0F8}.Release|Any CPU.ActiveCfg = Release|Any CPU
		{A90FD0D5-E436-42B1-A078-1EA29091E0F8}.Release|Any CPU.Build.0 = Release|Any CPU
	EndGlobalSection
	GlobalSection(SolutionProperties) = preSolution
		HideSolutionNode = FALSE
	EndGlobalSection
	GlobalSection(ExtensibilityGlobals) = postSolution
		SolutionGuid = {0C31D3D8-FC7E-4DF1-A228-5C44EEA9BD73}
	EndGlobalSection
EndGlobal
